# Pinned dependencies: <package> <git url> <commit>. Must match the vendor/ submodules
# (tests/test_packaging.py checks it). Used by scripts/setup.sh when vendor/ is empty,
# which is the case for a plugin installed from a marketplace (no submodules there).
# Installed in this order: agentltl-coding needs the two before it.
agentltl https://github.com/AgentLTL/AgentLTL.git 36b7b2ed39b03a7a5bef15a83d3c1c6c007054c1
cli-to-tools https://github.com/AgentLTL/cli-to-tools.git 821de0db334d9bc09713428d3feda6792031895b
agentltl-coding https://github.com/AgentLTL/agentltl-coding.git 4513c5f19e433e812db12e8798884701fb1753e6
